
Microsoft Visual Studio Solution File, Format Version 12.00
# Visual Studio Version 17
VisualStudioVersion = 17.14.36203.30
MinimumVisualStudioVersion = 10.0.40219.1
Project("{FAE04EC0-301F-11D3-BF4B-00C04F79EFBC}") = "GeometryShape2", "GeometryShape2.csproj", "{0B580109-63FC-4110-91E6-7174DDBCC22A}"
EndProject
Project("{FAE04EC0-301F-11D3-BF4B-00C04F79EFBC}") = "GeometryShapeTests2", "..\GeometryShapeTests2\GeometryShapeTests2.csproj", "{222E6E9E-6993-49EC-8DD5-46987B71156C}"
EndProject
Global
	GlobalSection(SolutionConfigurationPlatforms) = preSolution
		Debug|Any CPU = Debug|Any CPU
		Release|Any CPU = Release|Any CPU
	EndGlobalSection
	GlobalSection(ProjectConfigurationPlatforms) = postSolution
		{0B580109-63FC-4110-91E6-7174DDBCC22A}.Debug|Any CPU.ActiveCfg = Debug|Any CPU
		{0B580109-63FC-4110-91E6-7174DDBCC22A}.Debug|Any CPU.Build.0 = Debug|Any CPU
		{0B580109-63FC-4110-91E6-7174DDBCC22A}.Release|Any CPU.ActiveCfg = Release|Any CPU
		{0B580109-63FC-4110-91E6-7174DDBCC22A}.Release|Any CPU.Build.0 = Release|Any CPU
		{222E6E9E-6993-49EC-8DD5-46987B71156C}.Debug|Any CPU.ActiveCfg = Debug|Any CPU
		{222E6E9E-6993-49EC-8DD5-46987B71156C}.Debug|Any CPU.Build.0 = Debug|Any CPU
		{222E6E9E-6993-49EC-8DD5-46987B71156C}.Release|Any CPU.ActiveCfg = Release|Any CPU
		{222E6E9E-6993-49EC-8DD5-46987B71156C}.Release|Any CPU.Build.0 = Release|Any CPU
	EndGlobalSection
	GlobalSection(SolutionProperties) = preSolution
		HideSolutionNode = FALSE
	EndGlobalSection
	GlobalSection(ExtensibilityGlobals) = postSolution
		SolutionGuid = {F607E1C4-7B24-4A5A-9F61-00B33E52E0C7}
	EndGlobalSection
EndGlobal
